
Microsoft Visual Studio Solution File, Format Version 12.00
# Visual Studio Version 17
VisualStudioVersion = 17.6.33723.286
MinimumVisualStudioVersion = 10.0.40219.1
Project("{FAE04EC0-301F-11D3-BF4B-00C04F79EFBC}") = "BasicProgrammingConstructs", "BasicProgrammingConstructs\BasicProgrammingConstructs.csproj", "{CDB45CD3-47FB-42D9-8A0B-6818D1901D82}"
EndProject
Global
	GlobalSection(SolutionConfigurationPlatforms) = preSolution
		Debug|Any CPU = Debug|Any CPU
		Release|Any CPU = Release|Any CPU
	EndGlobalSection
	GlobalSection(ProjectConfigurationPlatforms) = postSolution
		{CDB45CD3-47FB-42D9-8A0B-6818D1901D82}.Debug|Any CPU.ActiveCfg = Debug|Any CPU
		{CDB45CD3-47FB-42D9-8A0B-6818D1901D82}.Debug|Any CPU.Build.0 = Debug|Any CPU
		{CDB45CD3-47FB-42D9-8A0B-6818D1901D82}.Release|Any CPU.ActiveCfg = Release|Any CPU
		{CDB45CD3-47FB-42D9-8A0B-6818D1901D82}.Release|Any CPU.Build.0 = Release|Any CPU
	EndGlobalSection
	GlobalSection(SolutionProperties) = preSolution
		HideSolutionNode = FALSE
	EndGlobalSection
	GlobalSection(ExtensibilityGlobals) = postSolution
		SolutionGuid = {0942F28D-4729-419E-AC1C-BC3326667E19}
	EndGlobalSection
EndGlobal
